
Microsoft Visual Studio Solution File, Format Version 12.00
# Visual Studio Version 16
VisualStudioVersion = 16.0.32228.343
MinimumVisualStudioVersion = 10.0.40219.1
Project("{8BC9CEB8-8B4A-11D0-8D11-00A0C91BC942}") = "152021181_UAS_PEMDAS", "152021181_UAS_PEMDAS.vcxproj", "{CAEE1AFE-9D5D-4D3E-8D12-CF31209F4E7C}"
EndProject
Global
	GlobalSection(SolutionConfigurationPlatforms) = preSolution
		Debug|x64 = Debug|x64
		Debug|x86 = Debug|x86
		Release|x64 = Release|x64
		Release|x86 = Release|x86
	EndGlobalSection
	GlobalSection(ProjectConfigurationPlatforms) = postSolution
		{CAEE1AFE-9D5D-4D3E-8D12-CF31209F4E7C}.Debug|x64.ActiveCfg = Debug|x64
		{CAEE1AFE-9D5D-4D3E-8D12-CF31209F4E7C}.Debug|x64.Build.0 = Debug|x64
		{CAEE1AFE-9D5D-4D3E-8D12-CF31209F4E7C}.Debug|x86.ActiveCfg = Debug|Win32
		{CAEE1AFE-9D5D-4D3E-8D12-CF31209F4E7C}.Debug|x86.Build.0 = Debug|Win32
		{CAEE1AFE-9D5D-4D3E-8D12-CF31209F4E7C}.Release|x64.ActiveCfg = Release|x64
		{CAEE1AFE-9D5D-4D3E-8D12-CF31209F4E7C}.Release|x64.Build.0 = Release|x64
		{CAEE1AFE-9D5D-4D3E-8D12-CF31209F4E7C}.Release|x86.ActiveCfg = Release|Win32
		{CAEE1AFE-9D5D-4D3E-8D12-CF31209F4E7C}.Release|x86.Build.0 = Release|Win32
	EndGlobalSection
	GlobalSection(SolutionProperties) = preSolution
		HideSolutionNode = FALSE
	EndGlobalSection
	GlobalSection(ExtensibilityGlobals) = postSolution
		SolutionGuid = {F5B38888-896C-4485-A82C-AED2A255B879}
	EndGlobalSection
EndGlobal
